<?xml version="1.0" encoding="utf-8"?>
<Project ToolsVersion="4.0" xmlns="http://schemas.microsoft.com/developer/msbuild/2003">
  <ItemGroup>
    <Filter Include="Source Files">
      <UniqueIdentifier>{4FC737F1-C7A5-4376-A066-2A32D752A2FF}</UniqueIdentifier>
      <Extensions>cpp;c;cc;cxx;c++;cppm;ixx;def;odl;idl;hpj;bat;asm;asmx</Extensions>
    </Filter>
    <Filter Include="Header Files">
      <UniqueIdentifier>{93995380-89BD-4b04-88EB-625FBE52EBFB}</UniqueIdentifier>
      <Extensions>h;hh;hpp;hxx;h++;hm;inl;inc;ipp;xsd</Extensions>
    </Filter>
    <Filter Include="Resource Files">
      <UniqueIdentifier>{67DA6AB6-F800-4c08-8B7A-83BB121AAD01}</UniqueIdentifier>
      <Extensions>rc;ico;cur;bmp;dlg;rc2;rct;bin;rgs;gif;jpg;jpeg;jpe;resx;tiff;tif;png;wav;mfcribbon-ms</Extensions>
    </Filter>
    <Filter Include="Info Classes">
      <UniqueIdentifier>{496bd616-8b5a-4e3d-b9a3-f190442a3cbc}</UniqueIdentifier>
    </Filter>
    <Filter Include="External">
      <UniqueIdentifier>{ca089886-9dcc-45e3-818e-62a8062bd1c2}</UniqueIdentifier>
    </Filter>
    <Filter Include="Utils">
      <UniqueIdentifier>{3fa72433-949c-4242-950c-46e1e6a5c0b0}</UniqueIdentifier>
    </Filter>
    <Filter Include="Literal SubClasses">
      <UniqueIdentifier>{dc0a881c-67ec-4328-88dc-eaca56dbe5e6}</UniqueIdentifier>
    </Filter>
    <Filter Include="Literal Class">
      <UniqueIdentifier>{7f0150ee-e88e-4576-a354-9ba7bb47c787}</UniqueIdentifier>
    </Filter>
  </ItemGroup>
  <ItemGroup>
    <ClInclude Include="Token.hpp">
      <Filter>Header Files</Filter>
    </ClInclude>
    <ClInclude Include="TokenEnums.hpp">
      <Filter>Header Files</Filter>
    </ClInclude>
    <ClInclude Include="external\nlohmann\json\json.hpp">
      <Filter>External</Filter>
    </ClInclude>
    <ClInclude Include="external\nlohmann\json\json_fwd.hpp">
      <Filter>External</Filter>
    </ClInclude>
    <ClInclude Include="external\pugixml\pugiconfig.hpp">
      <Filter>External</Filter>
    </ClInclude>
    <ClInclude Include="external\pugixml\pugixml.hpp">
      <Filter>External</Filter>
    </ClInclude>
    <ClInclude Include="external\stduuid\uuid.h">
      <Filter>External</Filter>
    </ClInclude>
    <ClInclude Include="FunctionInfo.hpp">
      <Filter>Info Classes</Filter>
    </ClInclude>
    <ClInclude Include="IdentifierInfo.hpp">
      <Filter>Info Classes</Filter>
    </ClInclude>
    <ClInclude Include="KeywordInfo.hpp">
      <Filter>Info Classes</Filter>
    </ClInclude>
    <ClInclude Include="OperatorInfo.hpp">
      <Filter>Info Classes</Filter>
    </ClInclude>
    <ClInclude Include="PunctuatorInfo.hpp">
      <Filter>Info Classes</Filter>
    </ClInclude>
    <ClInclude Include="LexerUtils.hpp">
      <Filter>Utils</Filter>
    </ClInclude>
    <ClInclude Include="TokenUtils.hpp">
      <Filter>Utils</Filter>
    </ClInclude>
    <ClInclude Include="LiteralValue.hpp">
      <Filter>Literal Class</Filter>
    </ClInclude>
  </ItemGroup>
  <ItemGroup>
    <ClCompile Include="external\pugixml\pugixml.cpp">
      <Filter>External</Filter>
    </ClCompile>
    <ClCompile Include="ArrayLiteralValue.cpp">
      <Filter>Literal SubClasses</Filter>
    </ClCompile>
    <ClCompile Include="BinaryLiteralValue.cpp">
      <Filter>Literal SubClasses</Filter>
    </ClCompile>
    <ClCompile Include="BooleanLiteralValue.cpp">
      <Filter>Literal SubClasses</Filter>
    </ClCompile>
    <ClCompile Include="CharLiteralValue.cpp">
      <Filter>Literal SubClasses</Filter>
    </ClCompile>
    <ClCompile Include="DateLiteralValue.cpp">
      <Filter>Literal SubClasses</Filter>
    </ClCompile>
    <ClCompile Include="DateTimeLiteralValue.cpp">
      <Filter>Literal SubClasses</Filter>
    </ClCompile>
    <ClCompile Include="EscapeStringLiteralValue.cpp">
      <Filter>Literal SubClasses</Filter>
    </ClCompile>
    <ClCompile Include="FloatLiteralValue.cpp">
      <Filter>Literal SubClasses</Filter>
    </ClCompile>
    <ClCompile Include="IntegerLiteralValue.cpp">
      <Filter>Literal SubClasses</Filter>
    </ClCompile>
    <ClCompile Include="JSONLiteralValue.cpp">
      <Filter>Literal SubClasses</Filter>
    </ClCompile>
    <ClCompile Include="NullLiteralValue.cpp">
      <Filter>Literal SubClasses</Filter>
    </ClCompile>
    <ClCompile Include="StringLiteralValue.cpp">
      <Filter>Literal SubClasses</Filter>
    </ClCompile>
    <ClCompile Include="TimeLiteralValue.cpp">
      <Filter>Literal SubClasses</Filter>
    </ClCompile>
    <ClCompile Include="XMLLiteralValue.cpp">
      <Filter>Literal SubClasses</Filter>
    </ClCompile>
    <ClCompile Include="UUIDLiteralValue.cpp">
      <Filter>Literal SubClasses</Filter>
    </ClCompile>
    <ClCompile Include="LiteralValue.cpp">
      <Filter>Literal Class</Filter>
    </ClCompile>
  </ItemGroup>
</Project>